
Microsoft Visual Studio Solution File, Format Version 12.00
# Visual Studio Version 17
VisualStudioVersion = 17.7.34031.279
MinimumVisualStudioVersion = 10.0.40219.1
Project("{FAE04EC0-301F-11D3-BF4B-00C04F79EFBC}") = "classes4_task4_array_12_4_alix", "classes4_task4_array_12_4_alix.csproj", "{B2BA4153-D7D4-4D56-B132-9CACC7856DED}"
EndProject
Global
	GlobalSection(SolutionConfigurationPlatforms) = preSolution
		Debug|Any CPU = Debug|Any CPU
		Release|Any CPU = Release|Any CPU
	EndGlobalSection
	GlobalSection(ProjectConfigurationPlatforms) = postSolution
		{B2BA4153-D7D4-4D56-B132-9CACC7856DED}.Debug|Any CPU.ActiveCfg = Debug|Any CPU
		{B2BA4153-D7D4-4D56-B132-9CACC7856DED}.Debug|Any CPU.Build.0 = Debug|Any CPU
		{B2BA4153-D7D4-4D56-B132-9CACC7856DED}.Release|Any CPU.ActiveCfg = Release|Any CPU
		{B2BA4153-D7D4-4D56-B132-9CACC7856DED}.Release|Any CPU.Build.0 = Release|Any CPU
	EndGlobalSection
	GlobalSection(SolutionProperties) = preSolution
		HideSolutionNode = FALSE
	EndGlobalSection
	GlobalSection(ExtensibilityGlobals) = postSolution
		SolutionGuid = {6504127D-8A6D-4E5B-87CA-298445F1F384}
	EndGlobalSection
EndGlobal
