
Microsoft Visual Studio Solution File, Format Version 12.00
# Visual Studio Version 17
VisualStudioVersion = 17.7.34031.279
MinimumVisualStudioVersion = 10.0.40219.1
Project("{FAE04EC0-301F-11D3-BF4B-00C04F79EFBC}") = "VirtualPetSimulator", "VirtualPetSimulator\VirtualPetSimulator.csproj", "{5A8D2579-5096-49EA-B4C4-6C898CF63634}"
EndProject
Global
	GlobalSection(SolutionConfigurationPlatforms) = preSolution
		Debug|Any CPU = Debug|Any CPU
		Release|Any CPU = Release|Any CPU
	EndGlobalSection
	GlobalSection(ProjectConfigurationPlatforms) = postSolution
		{5A8D2579-5096-49EA-B4C4-6C898CF63634}.Debug|Any CPU.ActiveCfg = Debug|Any CPU
		{5A8D2579-5096-49EA-B4C4-6C898CF63634}.Debug|Any CPU.Build.0 = Debug|Any CPU
		{5A8D2579-5096-49EA-B4C4-6C898CF63634}.Release|Any CPU.ActiveCfg = Release|Any CPU
		{5A8D2579-5096-49EA-B4C4-6C898CF63634}.Release|Any CPU.Build.0 = Release|Any CPU
	EndGlobalSection
	GlobalSection(SolutionProperties) = preSolution
		HideSolutionNode = FALSE
	EndGlobalSection
	GlobalSection(ExtensibilityGlobals) = postSolution
		SolutionGuid = {EBC39F8A-DAD0-478F-B698-D453E67E7591}
	EndGlobalSection
EndGlobal
