
Microsoft Visual Studio Solution File, Format Version 12.00
# Visual Studio Version 17
VisualStudioVersion = 17.7.34031.279
MinimumVisualStudioVersion = 10.0.40219.1
Project("{FAE04EC0-301F-11D3-BF4B-00C04F79EFBC}") = "compileapp_csharp", "compileapp_csharp.csproj", "{9D371C03-D03F-4A8E-A5D9-5090877499FC}"
EndProject
Global
	GlobalSection(SolutionConfigurationPlatforms) = preSolution
		Debug|Any CPU = Debug|Any CPU
		Release|Any CPU = Release|Any CPU
	EndGlobalSection
	GlobalSection(ProjectConfigurationPlatforms) = postSolution
		{9D371C03-D03F-4A8E-A5D9-5090877499FC}.Debug|Any CPU.ActiveCfg = Debug|Any CPU
		{9D371C03-D03F-4A8E-A5D9-5090877499FC}.Debug|Any CPU.Build.0 = Debug|Any CPU
		{9D371C03-D03F-4A8E-A5D9-5090877499FC}.Release|Any CPU.ActiveCfg = Release|Any CPU
		{9D371C03-D03F-4A8E-A5D9-5090877499FC}.Release|Any CPU.Build.0 = Release|Any CPU
	EndGlobalSection
	GlobalSection(SolutionProperties) = preSolution
		HideSolutionNode = FALSE
	EndGlobalSection
	GlobalSection(ExtensibilityGlobals) = postSolution
		SolutionGuid = {6FC843C6-0E6B-4152-BF78-B8FF7C463EE0}
	EndGlobalSection
EndGlobal
