
Microsoft Visual Studio Solution File, Format Version 12.00
# Visual Studio Version 17
VisualStudioVersion = 17.7.34031.279
MinimumVisualStudioVersion = 10.0.40219.1
Project("{FAE04EC0-301F-11D3-BF4B-00C04F79EFBC}") = "HW1_tbook_if", "HW1_tbook_if.csproj", "{B53405A0-3F24-4B5D-953A-401CB0EEF9AA}"
EndProject
Global
	GlobalSection(SolutionConfigurationPlatforms) = preSolution
		Debug|Any CPU = Debug|Any CPU
		Release|Any CPU = Release|Any CPU
	EndGlobalSection
	GlobalSection(ProjectConfigurationPlatforms) = postSolution
		{B53405A0-3F24-4B5D-953A-401CB0EEF9AA}.Debug|Any CPU.ActiveCfg = Debug|Any CPU
		{B53405A0-3F24-4B5D-953A-401CB0EEF9AA}.Debug|Any CPU.Build.0 = Debug|Any CPU
		{B53405A0-3F24-4B5D-953A-401CB0EEF9AA}.Release|Any CPU.ActiveCfg = Release|Any CPU
		{B53405A0-3F24-4B5D-953A-401CB0EEF9AA}.Release|Any CPU.Build.0 = Release|Any CPU
	EndGlobalSection
	GlobalSection(SolutionProperties) = preSolution
		HideSolutionNode = FALSE
	EndGlobalSection
	GlobalSection(ExtensibilityGlobals) = postSolution
		SolutionGuid = {8AAA2579-DEB8-4A61-B714-90A1ABA6C5C0}
	EndGlobalSection
EndGlobal
