
Microsoft Visual Studio Solution File, Format Version 12.00
# Visual Studio Version 17
VisualStudioVersion = 17.7.34031.279
MinimumVisualStudioVersion = 10.0.40219.1
Project("{FAE04EC0-301F-11D3-BF4B-00C04F79EFBC}") = "HomeWork3", "HomeWork3.csproj", "{00FDF481-6FDE-4BB6-9F9C-4DEB5A1AB19C}"
EndProject
Global
	GlobalSection(SolutionConfigurationPlatforms) = preSolution
		Debug|Any CPU = Debug|Any CPU
		Release|Any CPU = Release|Any CPU
	EndGlobalSection
	GlobalSection(ProjectConfigurationPlatforms) = postSolution
		{00FDF481-6FDE-4BB6-9F9C-4DEB5A1AB19C}.Debug|Any CPU.ActiveCfg = Debug|Any CPU
		{00FDF481-6FDE-4BB6-9F9C-4DEB5A1AB19C}.Debug|Any CPU.Build.0 = Debug|Any CPU
		{00FDF481-6FDE-4BB6-9F9C-4DEB5A1AB19C}.Release|Any CPU.ActiveCfg = Release|Any CPU
		{00FDF481-6FDE-4BB6-9F9C-4DEB5A1AB19C}.Release|Any CPU.Build.0 = Release|Any CPU
	EndGlobalSection
	GlobalSection(SolutionProperties) = preSolution
		HideSolutionNode = FALSE
	EndGlobalSection
	GlobalSection(ExtensibilityGlobals) = postSolution
		SolutionGuid = {1A1A5DE9-AE31-40AD-8DF9-0B270D1DF202}
	EndGlobalSection
EndGlobal
