
Microsoft Visual Studio Solution File, Format Version 12.00
# Visual Studio Version 17
VisualStudioVersion = 17.7.34031.279
MinimumVisualStudioVersion = 10.0.40219.1
Project("{FAE04EC0-301F-11D3-BF4B-00C04F79EFBC}") = "n71_inheritance_oop", "n71_inheritance_oop.csproj", "{AF48D7FC-60F1-46E4-A9FC-4A9474E4703D}"
EndProject
Global
	GlobalSection(SolutionConfigurationPlatforms) = preSolution
		Debug|Any CPU = Debug|Any CPU
		Release|Any CPU = Release|Any CPU
	EndGlobalSection
	GlobalSection(ProjectConfigurationPlatforms) = postSolution
		{AF48D7FC-60F1-46E4-A9FC-4A9474E4703D}.Debug|Any CPU.ActiveCfg = Debug|Any CPU
		{AF48D7FC-60F1-46E4-A9FC-4A9474E4703D}.Debug|Any CPU.Build.0 = Debug|Any CPU
		{AF48D7FC-60F1-46E4-A9FC-4A9474E4703D}.Release|Any CPU.ActiveCfg = Release|Any CPU
		{AF48D7FC-60F1-46E4-A9FC-4A9474E4703D}.Release|Any CPU.Build.0 = Release|Any CPU
	EndGlobalSection
	GlobalSection(SolutionProperties) = preSolution
		HideSolutionNode = FALSE
	EndGlobalSection
	GlobalSection(ExtensibilityGlobals) = postSolution
		SolutionGuid = {D5A4DAAA-1D3A-4127-B995-97CDEE0751F7}
	EndGlobalSection
EndGlobal
