
Microsoft Visual Studio Solution File, Format Version 12.00
# Visual Studio Version 17
VisualStudioVersion = 17.7.34031.279
MinimumVisualStudioVersion = 10.0.40219.1
Project("{FAE04EC0-301F-11D3-BF4B-00C04F79EFBC}") = "task1_basics", "task1_basics.csproj", "{1E0E542E-DFD5-4970-9224-6BC887EBF049}"
EndProject
Global
	GlobalSection(SolutionConfigurationPlatforms) = preSolution
		Debug|Any CPU = Debug|Any CPU
		Release|Any CPU = Release|Any CPU
	EndGlobalSection
	GlobalSection(ProjectConfigurationPlatforms) = postSolution
		{1E0E542E-DFD5-4970-9224-6BC887EBF049}.Debug|Any CPU.ActiveCfg = Debug|Any CPU
		{1E0E542E-DFD5-4970-9224-6BC887EBF049}.Debug|Any CPU.Build.0 = Debug|Any CPU
		{1E0E542E-DFD5-4970-9224-6BC887EBF049}.Release|Any CPU.ActiveCfg = Release|Any CPU
		{1E0E542E-DFD5-4970-9224-6BC887EBF049}.Release|Any CPU.Build.0 = Release|Any CPU
	EndGlobalSection
	GlobalSection(SolutionProperties) = preSolution
		HideSolutionNode = FALSE
	EndGlobalSection
	GlobalSection(ExtensibilityGlobals) = postSolution
		SolutionGuid = {6CA95F3F-33C2-4927-B4C5-F7B546B76F88}
	EndGlobalSection
EndGlobal
