
Microsoft Visual Studio Solution File, Format Version 12.00
# Visual Studio Version 17
VisualStudioVersion = 17.7.34031.279
MinimumVisualStudioVersion = 10.0.40219.1
Project("{FAE04EC0-301F-11D3-BF4B-00C04F79EFBC}") = "task16_massiv", "task16_massiv.csproj", "{1833F84C-0DBE-4DA8-A870-0BC323E157AD}"
EndProject
Global
	GlobalSection(SolutionConfigurationPlatforms) = preSolution
		Debug|Any CPU = Debug|Any CPU
		Release|Any CPU = Release|Any CPU
	EndGlobalSection
	GlobalSection(ProjectConfigurationPlatforms) = postSolution
		{1833F84C-0DBE-4DA8-A870-0BC323E157AD}.Debug|Any CPU.ActiveCfg = Debug|Any CPU
		{1833F84C-0DBE-4DA8-A870-0BC323E157AD}.Debug|Any CPU.Build.0 = Debug|Any CPU
		{1833F84C-0DBE-4DA8-A870-0BC323E157AD}.Release|Any CPU.ActiveCfg = Release|Any CPU
		{1833F84C-0DBE-4DA8-A870-0BC323E157AD}.Release|Any CPU.Build.0 = Release|Any CPU
	EndGlobalSection
	GlobalSection(SolutionProperties) = preSolution
		HideSolutionNode = FALSE
	EndGlobalSection
	GlobalSection(ExtensibilityGlobals) = postSolution
		SolutionGuid = {6E80CE9A-7BDB-4FCC-8CA5-1F6952B7B5C5}
	EndGlobalSection
EndGlobal
