
Microsoft Visual Studio Solution File, Format Version 12.00
# Visual Studio Version 17
VisualStudioVersion = 17.7.34031.279
MinimumVisualStudioVersion = 10.0.40219.1
Project("{FAE04EC0-301F-11D3-BF4B-00C04F79EFBC}") = "task_1", "task_1\task_1.csproj", "{2609E3DD-072C-404B-B1AA-BA3CFD52D5DB}"
EndProject
Project("{FAE04EC0-301F-11D3-BF4B-00C04F79EFBC}") = "task_2", "task_2\task_2.csproj", "{6EA3B7D8-6DE3-410E-B632-3626C1BA8F47}"
EndProject
Project("{FAE04EC0-301F-11D3-BF4B-00C04F79EFBC}") = "task_3", "task_3\task_3.csproj", "{D8E8FFE6-A2D7-443B-90CD-7C78E802A7F8}"
EndProject
Project("{FAE04EC0-301F-11D3-BF4B-00C04F79EFBC}") = "task_4", "task_4\task_4.csproj", "{962B5043-868D-4619-9AC5-584149160A10}"
EndProject
Project("{FAE04EC0-301F-11D3-BF4B-00C04F79EFBC}") = "task_5", "task_5\task_5.csproj", "{88DED5A2-C1A3-4549-A503-3178B08CF2E4}"
EndProject
Project("{FAE04EC0-301F-11D3-BF4B-00C04F79EFBC}") = "task_6", "task_6\task_6.csproj", "{A432E891-15E3-4E2D-B849-BCB0704B4F1D}"
EndProject
Project("{FAE04EC0-301F-11D3-BF4B-00C04F79EFBC}") = "task_7", "task_7\task_7.csproj", "{C67F08A0-DCCC-4D41-B691-3E809AF71B21}"
EndProject
Project("{FAE04EC0-301F-11D3-BF4B-00C04F79EFBC}") = "task_8", "task_8\task_8.csproj", "{EF15B506-2A6E-4B29-BC89-B047CBA90BF4}"
EndProject
Project("{FAE04EC0-301F-11D3-BF4B-00C04F79EFBC}") = "task_9", "task_9\task_9.csproj", "{4E5332DD-B79F-4CF0-B0E9-ABA715C96462}"
EndProject
Project("{FAE04EC0-301F-11D3-BF4B-00C04F79EFBC}") = "task_10", "task_10\task_10.csproj", "{48DF3D7C-D56F-4763-90D1-708678781DD1}"
EndProject
Project("{FAE04EC0-301F-11D3-BF4B-00C04F79EFBC}") = "task_11", "task_11\task_11.csproj", "{A674EFA3-20B6-4DAD-89DB-ED94D48B074C}"
EndProject
Project("{FAE04EC0-301F-11D3-BF4B-00C04F79EFBC}") = "task_12", "task_12\task_12.csproj", "{07B98CBB-5F00-4BF3-BD85-E04B017D3845}"
EndProject
Project("{FAE04EC0-301F-11D3-BF4B-00C04F79EFBC}") = "task_13", "task_13\task_13.csproj", "{85221DFC-A0A3-4F1F-A36A-04C2522F317C}"
EndProject
Project("{FAE04EC0-301F-11D3-BF4B-00C04F79EFBC}") = "task_14", "task_14\task_14.csproj", "{723D23C9-9192-4B39-BA08-337BADF5DB1D}"
EndProject
Project("{FAE04EC0-301F-11D3-BF4B-00C04F79EFBC}") = "task_15", "task_15\task_15.csproj", "{A3683F95-B47A-43EB-8070-D83A630DDC57}"
EndProject
Project("{FAE04EC0-301F-11D3-BF4B-00C04F79EFBC}") = "task_16", "task_16\task_16.csproj", "{06932EE8-DD89-48A7-9C9D-6673693D25DF}"
EndProject
Project("{FAE04EC0-301F-11D3-BF4B-00C04F79EFBC}") = "task_17", "task_17\task_17.csproj", "{ECD63B46-FF43-4A76-ACAA-63629CB76445}"
EndProject
Project("{FAE04EC0-301F-11D3-BF4B-00C04F79EFBC}") = "task_18", "task_18\task_18.csproj", "{FCCF393B-594C-4D48-A0A1-4F14976621E0}"
EndProject
Project("{FAE04EC0-301F-11D3-BF4B-00C04F79EFBC}") = "task_19", "task_19\task_19.csproj", "{6744031B-D4F1-4DFF-8A03-D8F680B83596}"
EndProject
Project("{FAE04EC0-301F-11D3-BF4B-00C04F79EFBC}") = "task_20", "task_20\task_20.csproj", "{5C7DBE3C-3EC2-48C1-8922-0B03D38D5891}"
EndProject
Project("{FAE04EC0-301F-11D3-BF4B-00C04F79EFBC}") = "task_21", "task_21\task_21.csproj", "{FAC53512-9E7F-4910-AE5C-D85A9230E2BC}"
EndProject
Project("{FAE04EC0-301F-11D3-BF4B-00C04F79EFBC}") = "task_22", "task_22\task_22.csproj", "{B04A7410-3D4B-4AD3-9264-3E6536029E1D}"
EndProject
Project("{FAE04EC0-301F-11D3-BF4B-00C04F79EFBC}") = "task_23", "task_23\task_23.csproj", "{9AFBE836-0DA6-4B9B-AF50-9B2FA3C095CC}"
EndProject
Project("{FAE04EC0-301F-11D3-BF4B-00C04F79EFBC}") = "task_24", "task_24\task_24.csproj", "{D1E8742E-8AE2-49BF-A56A-AE82B59960A0}"
EndProject
Project("{FAE04EC0-301F-11D3-BF4B-00C04F79EFBC}") = "task_25", "task_25\task_25.csproj", "{EA6840BE-9DB5-4EE2-B567-1738603FB2E6}"
EndProject
Project("{FAE04EC0-301F-11D3-BF4B-00C04F79EFBC}") = "task_26", "task_26\task_26.csproj", "{2AD303F6-D8AB-4BD6-8F67-43E24A93CDE0}"
EndProject
Project("{FAE04EC0-301F-11D3-BF4B-00C04F79EFBC}") = "task_27", "task_27\task_27.csproj", "{C1CEA36D-D116-445E-93B2-CF2031E223F2}"
EndProject
Project("{FAE04EC0-301F-11D3-BF4B-00C04F79EFBC}") = "task_28", "task_28\task_28.csproj", "{E45EC400-C1A8-4190-80AE-F62F39C5D351}"
EndProject
Project("{FAE04EC0-301F-11D3-BF4B-00C04F79EFBC}") = "task_29", "task_29\task_29.csproj", "{F408C48C-C5AC-4F2E-B1F4-B4A71EA88C11}"
EndProject
Project("{FAE04EC0-301F-11D3-BF4B-00C04F79EFBC}") = "task_30", "task_30\task_30.csproj", "{86DDD0C1-38FD-4E75-BF04-FE10C085EB1A}"
EndProject
Global
	GlobalSection(SolutionConfigurationPlatforms) = preSolution
		Debug|Any CPU = Debug|Any CPU
		Release|Any CPU = Release|Any CPU
	EndGlobalSection
	GlobalSection(ProjectConfigurationPlatforms) = postSolution
		{2609E3DD-072C-404B-B1AA-BA3CFD52D5DB}.Debug|Any CPU.ActiveCfg = Debug|Any CPU
		{2609E3DD-072C-404B-B1AA-BA3CFD52D5DB}.Debug|Any CPU.Build.0 = Debug|Any CPU
		{2609E3DD-072C-404B-B1AA-BA3CFD52D5DB}.Release|Any CPU.ActiveCfg = Release|Any CPU
		{2609E3DD-072C-404B-B1AA-BA3CFD52D5DB}.Release|Any CPU.Build.0 = Release|Any CPU
		{6EA3B7D8-6DE3-410E-B632-3626C1BA8F47}.Debug|Any CPU.ActiveCfg = Debug|Any CPU
		{6EA3B7D8-6DE3-410E-B632-3626C1BA8F47}.Debug|Any CPU.Build.0 = Debug|Any CPU
		{6EA3B7D8-6DE3-410E-B632-3626C1BA8F47}.Release|Any CPU.ActiveCfg = Release|Any CPU
		{6EA3B7D8-6DE3-410E-B632-3626C1BA8F47}.Release|Any CPU.Build.0 = Release|Any CPU
		{D8E8FFE6-A2D7-443B-90CD-7C78E802A7F8}.Debug|Any CPU.ActiveCfg = Debug|Any CPU
		{D8E8FFE6-A2D7-443B-90CD-7C78E802A7F8}.Debug|Any CPU.Build.0 = Debug|Any CPU
		{D8E8FFE6-A2D7-443B-90CD-7C78E802A7F8}.Release|Any CPU.ActiveCfg = Release|Any CPU
		{D8E8FFE6-A2D7-443B-90CD-7C78E802A7F8}.Release|Any CPU.Build.0 = Release|Any CPU
		{962B5043-868D-4619-9AC5-584149160A10}.Debug|Any CPU.ActiveCfg = Debug|Any CPU
		{962B5043-868D-4619-9AC5-584149160A10}.Debug|Any CPU.Build.0 = Debug|Any CPU
		{962B5043-868D-4619-9AC5-584149160A10}.Release|Any CPU.ActiveCfg = Release|Any CPU
		{962B5043-868D-4619-9AC5-584149160A10}.Release|Any CPU.Build.0 = Release|Any CPU
		{88DED5A2-C1A3-4549-A503-3178B08CF2E4}.Debug|Any CPU.ActiveCfg = Debug|Any CPU
		{88DED5A2-C1A3-4549-A503-3178B08CF2E4}.Debug|Any CPU.Build.0 = Debug|Any CPU
		{88DED5A2-C1A3-4549-A503-3178B08CF2E4}.Release|Any CPU.ActiveCfg = Release|Any CPU
		{88DED5A2-C1A3-4549-A503-3178B08CF2E4}.Release|Any CPU.Build.0 = Release|Any CPU
		{A432E891-15E3-4E2D-B849-BCB0704B4F1D}.Debug|Any CPU.ActiveCfg = Debug|Any CPU
		{A432E891-15E3-4E2D-B849-BCB0704B4F1D}.Debug|Any CPU.Build.0 = Debug|Any CPU
		{A432E891-15E3-4E2D-B849-BCB0704B4F1D}.Release|Any CPU.ActiveCfg = Release|Any CPU
		{A432E891-15E3-4E2D-B849-BCB0704B4F1D}.Release|Any CPU.Build.0 = Release|Any CPU
		{C67F08A0-DCCC-4D41-B691-3E809AF71B21}.Debug|Any CPU.ActiveCfg = Debug|Any CPU
		{C67F08A0-DCCC-4D41-B691-3E809AF71B21}.Debug|Any CPU.Build.0 = Debug|Any CPU
		{C67F08A0-DCCC-4D41-B691-3E809AF71B21}.Release|Any CPU.ActiveCfg = Release|Any CPU
		{C67F08A0-DCCC-4D41-B691-3E809AF71B21}.Release|Any CPU.Build.0 = Release|Any CPU
		{EF15B506-2A6E-4B29-BC89-B047CBA90BF4}.Debug|Any CPU.ActiveCfg = Debug|Any CPU
		{EF15B506-2A6E-4B29-BC89-B047CBA90BF4}.Debug|Any CPU.Build.0 = Debug|Any CPU
		{EF15B506-2A6E-4B29-BC89-B047CBA90BF4}.Release|Any CPU.ActiveCfg = Release|Any CPU
		{EF15B506-2A6E-4B29-BC89-B047CBA90BF4}.Release|Any CPU.Build.0 = Release|Any CPU
		{4E5332DD-B79F-4CF0-B0E9-ABA715C96462}.Debug|Any CPU.ActiveCfg = Debug|Any CPU
		{4E5332DD-B79F-4CF0-B0E9-ABA715C96462}.Debug|Any CPU.Build.0 = Debug|Any CPU
		{4E5332DD-B79F-4CF0-B0E9-ABA715C96462}.Release|Any CPU.ActiveCfg = Release|Any CPU
		{4E5332DD-B79F-4CF0-B0E9-ABA715C96462}.Release|Any CPU.Build.0 = Release|Any CPU
		{48DF3D7C-D56F-4763-90D1-708678781DD1}.Debug|Any CPU.ActiveCfg = Debug|Any CPU
		{48DF3D7C-D56F-4763-90D1-708678781DD1}.Debug|Any CPU.Build.0 = Debug|Any CPU
		{48DF3D7C-D56F-4763-90D1-708678781DD1}.Release|Any CPU.ActiveCfg = Release|Any CPU
		{48DF3D7C-D56F-4763-90D1-708678781DD1}.Release|Any CPU.Build.0 = Release|Any CPU
		{A674EFA3-20B6-4DAD-89DB-ED94D48B074C}.Debug|Any CPU.ActiveCfg = Debug|Any CPU
		{A674EFA3-20B6-4DAD-89DB-ED94D48B074C}.Debug|Any CPU.Build.0 = Debug|Any CPU
		{A674EFA3-20B6-4DAD-89DB-ED94D48B074C}.Release|Any CPU.ActiveCfg = Release|Any CPU
		{A674EFA3-20B6-4DAD-89DB-ED94D48B074C}.Release|Any CPU.Build.0 = Release|Any CPU
		{07B98CBB-5F00-4BF3-BD85-E04B017D3845}.Debug|Any CPU.ActiveCfg = Debug|Any CPU
		{07B98CBB-5F00-4BF3-BD85-E04B017D3845}.Debug|Any CPU.Build.0 = Debug|Any CPU
		{07B98CBB-5F00-4BF3-BD85-E04B017D3845}.Release|Any CPU.ActiveCfg = Release|Any CPU
		{07B98CBB-5F00-4BF3-BD85-E04B017D3845}.Release|Any CPU.Build.0 = Release|Any CPU
		{85221DFC-A0A3-4F1F-A36A-04C2522F317C}.Debug|Any CPU.ActiveCfg = Debug|Any CPU
		{85221DFC-A0A3-4F1F-A36A-04C2522F317C}.Debug|Any CPU.Build.0 = Debug|Any CPU
		{85221DFC-A0A3-4F1F-A36A-04C2522F317C}.Release|Any CPU.ActiveCfg = Release|Any CPU
		{85221DFC-A0A3-4F1F-A36A-04C2522F317C}.Release|Any CPU.Build.0 = Release|Any CPU
		{723D23C9-9192-4B39-BA08-337BADF5DB1D}.Debug|Any CPU.ActiveCfg = Debug|Any CPU
		{723D23C9-9192-4B39-BA08-337BADF5DB1D}.Debug|Any CPU.Build.0 = Debug|Any CPU
		{723D23C9-9192-4B39-BA08-337BADF5DB1D}.Release|Any CPU.ActiveCfg = Release|Any CPU
		{723D23C9-9192-4B39-BA08-337BADF5DB1D}.Release|Any CPU.Build.0 = Release|Any CPU
		{A3683F95-B47A-43EB-8070-D83A630DDC57}.Debug|Any CPU.ActiveCfg = Debug|Any CPU
		{A3683F95-B47A-43EB-8070-D83A630DDC57}.Debug|Any CPU.Build.0 = Debug|Any CPU
		{A3683F95-B47A-43EB-8070-D83A630DDC57}.Release|Any CPU.ActiveCfg = Release|Any CPU
		{A3683F95-B47A-43EB-8070-D83A630DDC57}.Release|Any CPU.Build.0 = Release|Any CPU
		{06932EE8-DD89-48A7-9C9D-6673693D25DF}.Debug|Any CPU.ActiveCfg = Debug|Any CPU
		{06932EE8-DD89-48A7-9C9D-6673693D25DF}.Debug|Any CPU.Build.0 = Debug|Any CPU
		{06932EE8-DD89-48A7-9C9D-6673693D25DF}.Release|Any CPU.ActiveCfg = Release|Any CPU
		{06932EE8-DD89-48A7-9C9D-6673693D25DF}.Release|Any CPU.Build.0 = Release|Any CPU
		{ECD63B46-FF43-4A76-ACAA-63629CB76445}.Debug|Any CPU.ActiveCfg = Debug|Any CPU
		{ECD63B46-FF43-4A76-ACAA-63629CB76445}.Debug|Any CPU.Build.0 = Debug|Any CPU
		{ECD63B46-FF43-4A76-ACAA-63629CB76445}.Release|Any CPU.ActiveCfg = Release|Any CPU
		{ECD63B46-FF43-4A76-ACAA-63629CB76445}.Release|Any CPU.Build.0 = Release|Any CPU
		{FCCF393B-594C-4D48-A0A1-4F14976621E0}.Debug|Any CPU.ActiveCfg = Debug|Any CPU
		{FCCF393B-594C-4D48-A0A1-4F14976621E0}.Debug|Any CPU.Build.0 = Debug|Any CPU
		{FCCF393B-594C-4D48-A0A1-4F14976621E0}.Release|Any CPU.ActiveCfg = Release|Any CPU
		{FCCF393B-594C-4D48-A0A1-4F14976621E0}.Release|Any CPU.Build.0 = Release|Any CPU
		{6744031B-D4F1-4DFF-8A03-D8F680B83596}.Debug|Any CPU.ActiveCfg = Debug|Any CPU
		{6744031B-D4F1-4DFF-8A03-D8F680B83596}.Debug|Any CPU.Build.0 = Debug|Any CPU
		{6744031B-D4F1-4DFF-8A03-D8F680B83596}.Release|Any CPU.ActiveCfg = Release|Any CPU
		{6744031B-D4F1-4DFF-8A03-D8F680B83596}.Release|Any CPU.Build.0 = Release|Any CPU
		{5C7DBE3C-3EC2-48C1-8922-0B03D38D5891}.Debug|Any CPU.ActiveCfg = Debug|Any CPU
		{5C7DBE3C-3EC2-48C1-8922-0B03D38D5891}.Debug|Any CPU.Build.0 = Debug|Any CPU
		{5C7DBE3C-3EC2-48C1-8922-0B03D38D5891}.Release|Any CPU.ActiveCfg = Release|Any CPU
		{5C7DBE3C-3EC2-48C1-8922-0B03D38D5891}.Release|Any CPU.Build.0 = Release|Any CPU
		{FAC53512-9E7F-4910-AE5C-D85A9230E2BC}.Debug|Any CPU.ActiveCfg = Debug|Any CPU
		{FAC53512-9E7F-4910-AE5C-D85A9230E2BC}.Debug|Any CPU.Build.0 = Debug|Any CPU
		{FAC53512-9E7F-4910-AE5C-D85A9230E2BC}.Release|Any CPU.ActiveCfg = Release|Any CPU
		{FAC53512-9E7F-4910-AE5C-D85A9230E2BC}.Release|Any CPU.Build.0 = Release|Any CPU
		{B04A7410-3D4B-4AD3-9264-3E6536029E1D}.Debug|Any CPU.ActiveCfg = Debug|Any CPU
		{B04A7410-3D4B-4AD3-9264-3E6536029E1D}.Debug|Any CPU.Build.0 = Debug|Any CPU
		{B04A7410-3D4B-4AD3-9264-3E6536029E1D}.Release|Any CPU.ActiveCfg = Release|Any CPU
		{B04A7410-3D4B-4AD3-9264-3E6536029E1D}.Release|Any CPU.Build.0 = Release|Any CPU
		{9AFBE836-0DA6-4B9B-AF50-9B2FA3C095CC}.Debug|Any CPU.ActiveCfg = Debug|Any CPU
		{9AFBE836-0DA6-4B9B-AF50-9B2FA3C095CC}.Debug|Any CPU.Build.0 = Debug|Any CPU
		{9AFBE836-0DA6-4B9B-AF50-9B2FA3C095CC}.Release|Any CPU.ActiveCfg = Release|Any CPU
		{9AFBE836-0DA6-4B9B-AF50-9B2FA3C095CC}.Release|Any CPU.Build.0 = Release|Any CPU
		{D1E8742E-8AE2-49BF-A56A-AE82B59960A0}.Debug|Any CPU.ActiveCfg = Debug|Any CPU
		{D1E8742E-8AE2-49BF-A56A-AE82B59960A0}.Debug|Any CPU.Build.0 = Debug|Any CPU
		{D1E8742E-8AE2-49BF-A56A-AE82B59960A0}.Release|Any CPU.ActiveCfg = Release|Any CPU
		{D1E8742E-8AE2-49BF-A56A-AE82B59960A0}.Release|Any CPU.Build.0 = Release|Any CPU
		{EA6840BE-9DB5-4EE2-B567-1738603FB2E6}.Debug|Any CPU.ActiveCfg = Debug|Any CPU
		{EA6840BE-9DB5-4EE2-B567-1738603FB2E6}.Debug|Any CPU.Build.0 = Debug|Any CPU
		{EA6840BE-9DB5-4EE2-B567-1738603FB2E6}.Release|Any CPU.ActiveCfg = Release|Any CPU
		{EA6840BE-9DB5-4EE2-B567-1738603FB2E6}.Release|Any CPU.Build.0 = Release|Any CPU
		{2AD303F6-D8AB-4BD6-8F67-43E24A93CDE0}.Debug|Any CPU.ActiveCfg = Debug|Any CPU
		{2AD303F6-D8AB-4BD6-8F67-43E24A93CDE0}.Debug|Any CPU.Build.0 = Debug|Any CPU
		{2AD303F6-D8AB-4BD6-8F67-43E24A93CDE0}.Release|Any CPU.ActiveCfg = Release|Any CPU
		{2AD303F6-D8AB-4BD6-8F67-43E24A93CDE0}.Release|Any CPU.Build.0 = Release|Any CPU
		{C1CEA36D-D116-445E-93B2-CF2031E223F2}.Debug|Any CPU.ActiveCfg = Debug|Any CPU
		{C1CEA36D-D116-445E-93B2-CF2031E223F2}.Debug|Any CPU.Build.0 = Debug|Any CPU
		{C1CEA36D-D116-445E-93B2-CF2031E223F2}.Release|Any CPU.ActiveCfg = Release|Any CPU
		{C1CEA36D-D116-445E-93B2-CF2031E223F2}.Release|Any CPU.Build.0 = Release|Any CPU
		{E45EC400-C1A8-4190-80AE-F62F39C5D351}.Debug|Any CPU.ActiveCfg = Debug|Any CPU
		{E45EC400-C1A8-4190-80AE-F62F39C5D351}.Debug|Any CPU.Build.0 = Debug|Any CPU
		{E45EC400-C1A8-4190-80AE-F62F39C5D351}.Release|Any CPU.ActiveCfg = Release|Any CPU
		{E45EC400-C1A8-4190-80AE-F62F39C5D351}.Release|Any CPU.Build.0 = Release|Any CPU
		{F408C48C-C5AC-4F2E-B1F4-B4A71EA88C11}.Debug|Any CPU.ActiveCfg = Debug|Any CPU
		{F408C48C-C5AC-4F2E-B1F4-B4A71EA88C11}.Debug|Any CPU.Build.0 = Debug|Any CPU
		{F408C48C-C5AC-4F2E-B1F4-B4A71EA88C11}.Release|Any CPU.ActiveCfg = Release|Any CPU
		{F408C48C-C5AC-4F2E-B1F4-B4A71EA88C11}.Release|Any CPU.Build.0 = Release|Any CPU
		{86DDD0C1-38FD-4E75-BF04-FE10C085EB1A}.Debug|Any CPU.ActiveCfg = Debug|Any CPU
		{86DDD0C1-38FD-4E75-BF04-FE10C085EB1A}.Debug|Any CPU.Build.0 = Debug|Any CPU
		{86DDD0C1-38FD-4E75-BF04-FE10C085EB1A}.Release|Any CPU.ActiveCfg = Release|Any CPU
		{86DDD0C1-38FD-4E75-BF04-FE10C085EB1A}.Release|Any CPU.Build.0 = Release|Any CPU
	EndGlobalSection
	GlobalSection(SolutionProperties) = preSolution
		HideSolutionNode = FALSE
	EndGlobalSection
	GlobalSection(ExtensibilityGlobals) = postSolution
		SolutionGuid = {46081871-0564-4E5A-AAB7-87E2D0DC9C44}
	EndGlobalSection
EndGlobal
