
Microsoft Visual Studio Solution File, Format Version 12.00
# Visual Studio Version 17
VisualStudioVersion = 17.7.34031.279
MinimumVisualStudioVersion = 10.0.40219.1
Project("{FAE04EC0-301F-11D3-BF4B-00C04F79EFBC}") = "task4_basics_3", "task4_basics_3.csproj", "{6FCAB5B8-1DE3-401A-924D-59392283006A}"
EndProject
Global
	GlobalSection(SolutionConfigurationPlatforms) = preSolution
		Debug|Any CPU = Debug|Any CPU
		Release|Any CPU = Release|Any CPU
	EndGlobalSection
	GlobalSection(ProjectConfigurationPlatforms) = postSolution
		{6FCAB5B8-1DE3-401A-924D-59392283006A}.Debug|Any CPU.ActiveCfg = Debug|Any CPU
		{6FCAB5B8-1DE3-401A-924D-59392283006A}.Debug|Any CPU.Build.0 = Debug|Any CPU
		{6FCAB5B8-1DE3-401A-924D-59392283006A}.Release|Any CPU.ActiveCfg = Release|Any CPU
		{6FCAB5B8-1DE3-401A-924D-59392283006A}.Release|Any CPU.Build.0 = Release|Any CPU
	EndGlobalSection
	GlobalSection(SolutionProperties) = preSolution
		HideSolutionNode = FALSE
	EndGlobalSection
	GlobalSection(ExtensibilityGlobals) = postSolution
		SolutionGuid = {5B5D2713-1F03-44CA-B56E-BDD07CB1917B}
	EndGlobalSection
EndGlobal
