
Microsoft Visual Studio Solution File, Format Version 12.00
# Visual Studio Version 17
VisualStudioVersion = 17.7.34031.279
MinimumVisualStudioVersion = 10.0.40219.1
Project("{FAE04EC0-301F-11D3-BF4B-00C04F79EFBC}") = "MyShoppingCardApp", "MyShoppingCardApp.csproj", "{7327DD6E-B302-4381-8270-7AD6B851F19C}"
EndProject
Global
	GlobalSection(SolutionConfigurationPlatforms) = preSolution
		Debug|Any CPU = Debug|Any CPU
		Release|Any CPU = Release|Any CPU
	EndGlobalSection
	GlobalSection(ProjectConfigurationPlatforms) = postSolution
		{7327DD6E-B302-4381-8270-7AD6B851F19C}.Debug|Any CPU.ActiveCfg = Debug|Any CPU
		{7327DD6E-B302-4381-8270-7AD6B851F19C}.Debug|Any CPU.Build.0 = Debug|Any CPU
		{7327DD6E-B302-4381-8270-7AD6B851F19C}.Release|Any CPU.ActiveCfg = Release|Any CPU
		{7327DD6E-B302-4381-8270-7AD6B851F19C}.Release|Any CPU.Build.0 = Release|Any CPU
	EndGlobalSection
	GlobalSection(SolutionProperties) = preSolution
		HideSolutionNode = FALSE
	EndGlobalSection
	GlobalSection(ExtensibilityGlobals) = postSolution
		SolutionGuid = {DE802964-B88E-450B-A728-1C39B46421DF}
	EndGlobalSection
EndGlobal
